// !$*UTF8*$!
{
	archiveVersion = 1;
	classes = {
	};
	objectVersion = 55;
	objects = {

/* Begin PBXBuildFile section */
		8B42750E27D5EF9E006A7A4A /* HomeView.swift in Sources */ = {isa = PBXBuildFile; fileRef = 8B42750D27D5EF9E006A7A4A /* HomeView.swift */; };
		8B830B8A27CD973500B49C28 /* BreatheApp.swift in Sources */ = {isa = PBXBuildFile; fileRef = 8B830B8927CD973500B49C28 /* BreatheApp.swift */; };
		8B830B8C27CD973500B49C28 /* ContentView.swift in Sources */ = {isa = PBXBuildFile; fileRef = 8B830B8B27CD973500B49C28 /* ContentView.swift */; };
		8B830B8E27CD973700B49C28 /* Assets.xcassets in Resources */ = {isa = PBXBuildFile; fileRef = 8B830B8D27CD973700B49C28 /* Assets.xcassets */; };
		8B830B9127CD973700B49C28 /* Preview Assets.xcassets in Resources */ = {isa = PBXBuildFile; fileRef = 8B830B9027CD973700B49C28 /* Preview Assets.xcassets */; };
		8B830B9B27CD973700B49C28 /* BreatheTests.swift in Sources */ = {isa = PBXBuildFile; fileRef = 8B830B9A27CD973700B49C28 /* BreatheTests.swift */; };
		8B830BA527CD973700B49C28 /* BreatheUITests.swift in Sources */ = {isa = PBXBuildFile; fileRef = 8B830BA427CD973700B49C28 /* BreatheUITests.swift */; };
		8B830BA727CD973700B49C28 /* BreatheUITestsLaunchTests.swift in Sources */ = {isa = PBXBuildFile; fileRef = 8B830BA627CD973700B49C28 /* BreatheUITestsLaunchTests.swift */; };
		8B830BBD27CD9C3200B49C28 /* DMSans-Regular.ttf in Resources */ = {isa = PBXBuildFile; fileRef = 8B830BB627CD9C3200B49C28 /* DMSans-Regular.ttf */; };
		8B830BBE27CD9C3200B49C28 /* DMSans-Medium.ttf in Resources */ = {isa = PBXBuildFile; fileRef = 8B830BB727CD9C3200B49C28 /* DMSans-Medium.ttf */; };
		8B830BBF27CD9C3200B49C28 /* DMSans-Bold.ttf in Resources */ = {isa = PBXBuildFile; fileRef = 8B830BB827CD9C3200B49C28 /* DMSans-Bold.ttf */; };
		8B830BC027CD9C3200B49C28 /* DMSans-BoldItalic.ttf in Resources */ = {isa = PBXBuildFile; fileRef = 8B830BB927CD9C3200B49C28 /* DMSans-BoldItalic.ttf */; };
		8B830BC127CD9C3200B49C28 /* OFL.txt in Resources */ = {isa = PBXBuildFile; fileRef = 8B830BBA27CD9C3200B49C28 /* OFL.txt */; };
		8B830BC227CD9C3200B49C28 /* DMSans-MediumItalic.ttf in Resources */ = {isa = PBXBuildFile; fileRef = 8B830BBB27CD9C3200B49C28 /* DMSans-MediumItalic.ttf */; };
		8B830BC327CD9C3200B49C28 /* DMSans-Italic.ttf in Resources */ = {isa = PBXBuildFile; fileRef = 8B830BBC27CD9C3200B49C28 /* DMSans-Italic.ttf */; };
		8B830BCA27CDAADC00B49C28 /* BorderRadius.swift in Sources */ = {isa = PBXBuildFile; fileRef = 8B830BC927CDAADC00B49C28 /* BorderRadius.swift */; };
/* End PBXBuildFile section */

/* Begin PBXContainerItemProxy section */
		8B830B9727CD973700B49C28 /* PBXContainerItemProxy */ = {
			isa = PBXContainerItemProxy;
			containerPortal = 8B830B7E27CD973500B49C28 /* Project object */;
			proxyType = 1;
			remoteGlobalIDString = 8B830B8527CD973500B49C28;
			remoteInfo = Breathe;
		};
		8B830BA127CD973700B49C28 /* PBXContainerItemProxy */ = {
			isa = PBXContainerItemProxy;
			containerPortal = 8B830B7E27CD973500B49C28 /* Project object */;
			proxyType = 1;
			remoteGlobalIDString = 8B830B8527CD973500B49C28;
			remoteInfo = Breathe;
		};
/* End PBXContainerItemProxy section */

/* Begin PBXFileReference section */
		8B42750D27D5EF9E006A7A4A /* HomeView.swift */ = {isa = PBXFileReference; lastKnownFileType = sourcecode.swift; path = HomeView.swift; sourceTree = "<group>"; };
		8B830B8627CD973500B49C28 /* Breathe.app */ = {isa = PBXFileReference; explicitFileType = wrapper.application; includeInIndex = 0; path = Breathe.app; sourceTree = BUILT_PRODUCTS_DIR; };
		8B830B8927CD973500B49C28 /* BreatheApp.swift */ = {isa = PBXFileReference; lastKnownFileType = sourcecode.swift; path = BreatheApp.swift; sourceTree = "<group>"; };
		8B830B8B27CD973500B49C28 /* ContentView.swift */ = {isa = PBXFileReference; lastKnownFileType = sourcecode.swift; path = ContentView.swift; sourceTree = "<group>"; };
		8B830B8D27CD973700B49C28 /* Assets.xcassets */ = {isa = PBXFileReference; lastKnownFileType = folder.assetcatalog; path = Assets.xcassets; sourceTree = "<group>"; };
		8B830B9027CD973700B49C28 /* Preview Assets.xcassets */ = {isa = PBXFileReference; lastKnownFileType = folder.assetcatalog; path = "Preview Assets.xcassets"; sourceTree = "<group>"; };
		8B830B9627CD973700B49C28 /* BreatheTests.xctest */ = {isa = PBXFileReference; explicitFileType = wrapper.cfbundle; includeInIndex = 0; path = BreatheTests.xctest; sourceTree = BUILT_PRODUCTS_DIR; };
		8B830B9A27CD973700B49C28 /* BreatheTests.swift */ = {isa = PBXFileReference; lastKnownFileType = sourcecode.swift; path = BreatheTests.swift; sourceTree = "<group>"; };
		8B830BA027CD973700B49C28 /* BreatheUITests.xctest */ = {isa = PBXFileReference; explicitFileType = wrapper.cfbundle; includeInIndex = 0; path = BreatheUITests.xctest; sourceTree = BUILT_PRODUCTS_DIR; };
		8B830BA427CD973700B49C28 /* BreatheUITests.swift */ = {isa = PBXFileReference; lastKnownFileType = sourcecode.swift; path = BreatheUITests.swift; sourceTree = "<group>"; };
		8B830BA627CD973700B49C28 /* BreatheUITestsLaunchTests.swift */ = {isa = PBXFileReference; lastKnownFileType = sourcecode.swift; path = BreatheUITestsLaunchTests.swift; sourceTree = "<group>"; };
		8B830BB627CD9C3200B49C28 /* DMSans-Regular.ttf */ = {isa = PBXFileReference; lastKnownFileType = file; path = "DMSans-Regular.ttf"; sourceTree = "<group>"; };
		8B830BB727CD9C3200B49C28 /* DMSans-Medium.ttf */ = {isa = PBXFileReference; lastKnownFileType = file; path = "DMSans-Medium.ttf"; sourceTree = "<group>"; };
		8B830BB827CD9C3200B49C28 /* DMSans-Bold.ttf */ = {isa = PBXFileReference; lastKnownFileType = file; path = "DMSans-Bold.ttf"; sourceTree = "<group>"; };
		8B830BB927CD9C3200B49C28 /* DMSans-BoldItalic.ttf */ = {isa = PBXFileReference; lastKnownFileType = file; path = "DMSans-BoldItalic.ttf"; sourceTree = "<group>"; };
		8B830BBA27CD9C3200B49C28 /* OFL.txt */ = {isa = PBXFileReference; fileEncoding = 4; lastKnownFileType = text; path = OFL.txt; sourceTree = "<group>"; };
		8B830BBB27CD9C3200B49C28 /* DMSans-MediumItalic.ttf */ = {isa = PBXFileReference; lastKnownFileType = file; path = "DMSans-MediumItalic.ttf"; sourceTree = "<group>"; };
		8B830BBC27CD9C3200B49C28 /* DMSans-Italic.ttf */ = {isa = PBXFileReference; lastKnownFileType = file; path = "DMSans-Italic.ttf"; sourceTree = "<group>"; };
		8B830BC427CD9E3200B49C28 /* Info.plist */ = {isa = PBXFileReference; lastKnownFileType = text.plist; path = Info.plist; sourceTree = "<group>"; };
		8B830BC927CDAADC00B49C28 /* BorderRadius.swift */ = {isa = PBXFileReference; lastKnownFileType = sourcecode.swift; path = BorderRadius.swift; sourceTree = "<group>"; };
/* End PBXFileReference section */

/* Begin PBXFrameworksBuildPhase section */
		8B830B8327CD973500B49C28 /* Frameworks */ = {
			isa = PBXFrameworksBuildPhase;
			buildActionMask = 2147483647;
			files = (
			);
			runOnlyForDeploymentPostprocessing = 0;
		};
		8B830B9327CD973700B49C28 /* Frameworks */ = {
			isa = PBXFrameworksBuildPhase;
			buildActionMask = 2147483647;
			files = (
			);
			runOnlyForDeploymentPostprocessing = 0;
		};
		8B830B9D27CD973700B49C28 /* Frameworks */ = {
			isa = PBXFrameworksBuildPhase;
			buildActionMask = 2147483647;
			files = (
			);
			runOnlyForDeploymentPostprocessing = 0;
		};
/* End PBXFrameworksBuildPhase section */

/* Begin PBXGroup section */
		8B830B7D27CD973500B49C28 = {
			isa = PBXGroup;
			children = (
				8B830B8827CD973500B49C28 /* Breathe */,
				8B830B9927CD973700B49C28 /* BreatheTests */,
				8B830BA327CD973700B49C28 /* BreatheUITests */,
				8B830B8727CD973500B49C28 /* Products */,
			);
			sourceTree = "<group>";
		};
		8B830B8727CD973500B49C28 /* Products */ = {
			isa = PBXGroup;
			children = (
				8B830B8627CD973500B49C28 /* Breathe.app */,
				8B830B9627CD973700B49C28 /* BreatheTests.xctest */,
				8B830BA027CD973700B49C28 /* BreatheUITests.xctest */,
			);
			name = Products;
			sourceTree = "<group>";
		};
		8B830B8827CD973500B49C28 /* Breathe */ = {
			isa = PBXGroup;
			children = (
				8B42750D27D5EF9E006A7A4A /* HomeView.swift */,
				8B830BC427CD9E3200B49C28 /* Info.plist */,
				8B830BB527CD9C3200B49C28 /* CustomFonts */,
				8B830B8927CD973500B49C28 /* BreatheApp.swift */,
				8B830B8B27CD973500B49C28 /* ContentView.swift */,
				8B830B8D27CD973700B49C28 /* Assets.xcassets */,
				8B830B8F27CD973700B49C28 /* Preview Content */,
			);
			path = Breathe;
			sourceTree = "<group>";
		};
		8B830B8F27CD973700B49C28 /* Preview Content */ = {
			isa = PBXGroup;
			children = (
				8B830B9027CD973700B49C28 /* Preview Assets.xcassets */,
			);
			path = "Preview Content";
			sourceTree = "<group>";
		};
		8B830B9927CD973700B49C28 /* BreatheTests */ = {
			isa = PBXGroup;
			children = (
				8B830B9A27CD973700B49C28 /* BreatheTests.swift */,
			);
			path = BreatheTests;
			sourceTree = "<group>";
		};
		8B830BA327CD973700B49C28 /* BreatheUITests */ = {
			isa = PBXGroup;
			children = (
				8B830BA427CD973700B49C28 /* BreatheUITests.swift */,
				8B830BA627CD973700B49C28 /* BreatheUITestsLaunchTests.swift */,
			);
			path = BreatheUITests;
			sourceTree = "<group>";
		};
		8B830BB527CD9C3200B49C28 /* CustomFonts */ = {
			isa = PBXGroup;
			children = (
				8B830BB627CD9C3200B49C28 /* DMSans-Regular.ttf */,
				8B830BB727CD9C3200B49C28 /* DMSans-Medium.ttf */,
				8B830BB827CD9C3200B49C28 /* DMSans-Bold.ttf */,
				8B830BB927CD9C3200B49C28 /* DMSans-BoldItalic.ttf */,
				8B830BBA27CD9C3200B49C28 /* OFL.txt */,
				8B830BC927CDAADC00B49C28 /* BorderRadius.swift */,
				8B830BBB27CD9C3200B49C28 /* DMSans-MediumItalic.ttf */,
				8B830BBC27CD9C3200B49C28 /* DMSans-Italic.ttf */,
			);
			path = CustomFonts;
			sourceTree = "<group>";
		};
/* End PBXGroup section */

/* Begin PBXNativeTarget section */
		8B830B8527CD973500B49C28 /* Breathe */ = {
			isa = PBXNativeTarget;
			buildConfigurationList = 8B830BAA27CD973700B49C28 /* Build configuration list for PBXNativeTarget "Breathe" */;
			buildPhases = (
				8B830B8227CD973500B49C28 /* Sources */,
				8B830B8327CD973500B49C28 /* Frameworks */,
				8B830B8427CD973500B49C28 /* Resources */,
			);
			buildRules = (
			);
			dependencies = (
			);
			name = Breathe;
			packageProductDependencies = (
			);
			productName = Breathe;
			productReference = 8B830B8627CD973500B49C28 /* Breathe.app */;
			productType = "com.apple.product-type.application";
		};
		8B830B9527CD973700B49C28 /* BreatheTests */ = {
			isa = PBXNativeTarget;
			buildConfigurationList = 8B830BAD27CD973700B49C28 /* Build configuration list for PBXNativeTarget "BreatheTests" */;
			buildPhases = (
				8B830B9227CD973700B49C28 /* Sources */,
				8B830B9327CD973700B49C28 /* Frameworks */,
				8B830B9427CD973700B49C28 /* Resources */,
			);
			buildRules = (
			);
			dependencies = (
				8B830B9827CD973700B49C28 /* PBXTargetDependency */,
			);
			name = BreatheTests;
			productName = BreatheTests;
			productReference = 8B830B9627CD973700B49C28 /* BreatheTests.xctest */;
			productType = "com.apple.product-type.bundle.unit-test";
		};
		8B830B9F27CD973700B49C28 /* BreatheUITests */ = {
			isa = PBXNativeTarget;
			buildConfigurationList = 8B830BB027CD973700B49C28 /* Build configuration list for PBXNativeTarget "BreatheUITests" */;
			buildPhases = (
				8B830B9C27CD973700B49C28 /* Sources */,
				8B830B9D27CD973700B49C28 /* Frameworks */,
				8B830B9E27CD973700B49C28 /* Resources */,
			);
			buildRules = (
			);
			dependencies = (
				8B830BA227CD973700B49C28 /* PBXTargetDependency */,
			);
			name = BreatheUITests;
			productName = BreatheUITests;
			productReference = 8B830BA027CD973700B49C28 /* BreatheUITests.xctest */;
			productType = "com.apple.product-type.bundle.ui-testing";
		};
/* End PBXNativeTarget section */

/* Begin PBXProject section */
		8B830B7E27CD973500B49C28 /* Project object */ = {
			isa = PBXProject;
			attributes = {
				BuildIndependentTargetsInParallel = 1;
				LastSwiftUpdateCheck = 1320;
				LastUpgradeCheck = 1320;
				TargetAttributes = {
					8B830B8527CD973500B49C28 = {
						CreatedOnToolsVersion = 13.2.1;
					};
					8B830B9527CD973700B49C28 = {
						CreatedOnToolsVersion = 13.2.1;
						TestTargetID = 8B830B8527CD973500B49C28;
					};
					8B830B9F27CD973700B49C28 = {
						CreatedOnToolsVersion = 13.2.1;
						TestTargetID = 8B830B8527CD973500B49C28;
					};
				};
			};
			buildConfigurationList = 8B830B8127CD973500B49C28 /* Build configuration list for PBXProject "Breathe" */;
			compatibilityVersion = "Xcode 13.0";
			developmentRegion = en;
			hasScannedForEncodings = 0;
			knownRegions = (
				en,
				Base,
			);
			mainGroup = 8B830B7D27CD973500B49C28;
			packageReferences = (
			);
			productRefGroup = 8B830B8727CD973500B49C28 /* Products */;
			projectDirPath = "";
			projectRoot = "";
			targets = (
				8B830B8527CD973500B49C28 /* Breathe */,
				8B830B9527CD973700B49C28 /* BreatheTests */,
				8B830B9F27CD973700B49C28 /* BreatheUITests */,
			);
		};
/* End PBXProject section */

/* Begin PBXResourcesBuildPhase section */
		8B830B8427CD973500B49C28 /* Resources */ = {
			isa = PBXResourcesBuildPhase;
			buildActionMask = 2147483647;
			files = (
				8B830BC127CD9C3200B49C28 /* OFL.txt in Resources */,
				8B830BC327CD9C3200B49C28 /* DMSans-Italic.ttf in Resources */,
				8B830BBD27CD9C3200B49C28 /* DMSans-Regular.ttf in Resources */,
				8B830BBF27CD9C3200B49C28 /* DMSans-Bold.ttf in Resources */,
				8B830BBE27CD9C3200B49C28 /* DMSans-Medium.ttf in Resources */,
				8B830B9127CD973700B49C28 /* Preview Assets.xcassets in Resources */,
				8B830BC227CD9C3200B49C28 /* DMSans-MediumItalic.ttf in Resources */,
				8B830B8E27CD973700B49C28 /* Assets.xcassets in Resources */,
				8B830BC027CD9C3200B49C28 /* DMSans-BoldItalic.ttf in Resources */,
			);
			runOnlyForDeploymentPostprocessing = 0;
		};
		8B830B9427CD973700B49C28 /* Resources */ = {
			isa = PBXResourcesBuildPhase;
			buildActionMask = 2147483647;
			files = (
			);
			runOnlyForDeploymentPostprocessing = 0;
		};
		8B830B9E27CD973700B49C28 /* Resources */ = {
			isa = PBXResourcesBuildPhase;
			buildActionMask = 2147483647;
			files = (
			);
			runOnlyForDeploymentPostprocessing = 0;
		};
/* End PBXResourcesBuildPhase section */

/* Begin PBXSourcesBuildPhase section */
		8B830B8227CD973500B49C28 /* Sources */ = {
			isa = PBXSourcesBuildPhase;
			buildActionMask = 2147483647;
			files = (
				8B830B8C27CD973500B49C28 /* ContentView.swift in Sources */,
				8B42750E27D5EF9E006A7A4A /* HomeView.swift in Sources */,
				8B830B8A27CD973500B49C28 /* BreatheApp.swift in Sources */,
				8B830BCA27CDAADC00B49C28 /* BorderRadius.swift in Sources */,
			);
			runOnlyForDeploymentPostprocessing = 0;
		};
		8B830B9227CD973700B49C28 /* Sources */ = {
			isa = PBXSourcesBuildPhase;
			buildActionMask = 2147483647;
			files = (
				8B830B9B27CD973700B49C28 /* BreatheTests.swift in Sources */,
			);
			runOnlyForDeploymentPostprocessing = 0;
		};
		8B830B9C27CD973700B49C28 /* Sources */ = {
			isa = PBXSourcesBuildPhase;
			buildActionMask = 2147483647;
			files = (
				8B830BA727CD973700B49C28 /* BreatheUITestsLaunchTests.swift in Sources */,
				8B830BA527CD973700B49C28 /* BreatheUITests.swift in Sources */,
			);
			runOnlyForDeploymentPostprocessing = 0;
		};
/* End PBXSourcesBuildPhase section */

/* Begin PBXTargetDependency section */
		8B830B9827CD973700B49C28 /* PBXTargetDependency */ = {
			isa = PBXTargetDependency;
			target = 8B830B8527CD973500B49C28 /* Breathe */;
			targetProxy = 8B830B9727CD973700B49C28 /* PBXContainerItemProxy */;
		};
		8B830BA227CD973700B49C28 /* PBXTargetDependency */ = {
			isa = PBXTargetDependency;
			target = 8B830B8527CD973500B49C28 /* Breathe */;
			targetProxy = 8B830BA127CD973700B49C28 /* PBXContainerItemProxy */;
		};
/* End PBXTargetDependency section */

/* Begin XCBuildConfiguration section */
		8B830BA827CD973700B49C28 /* Debug */ = {
			isa = XCBuildConfiguration;
			buildSettings = {
				ALWAYS_SEARCH_USER_PATHS = NO;
				CLANG_ANALYZER_NONNULL = YES;
				CLANG_ANALYZER_NUMBER_OBJECT_CONVERSION = YES_AGGRESSIVE;
				CLANG_CXX_LANGUAGE_STANDARD = "gnu++17";
				CLANG_CXX_LIBRARY = "libc++";
				CLANG_ENABLE_MODULES = YES;
				CLANG_ENABLE_OBJC_ARC = YES;
				CLANG_ENABLE_OBJC_WEAK = YES;
				CLANG_WARN_BLOCK_CAPTURE_AUTORELEASING = YES;
				CLANG_WARN_BOOL_CONVERSION = YES;
				CLANG_WARN_COMMA = YES;
				CLANG_WARN_CONSTANT_CONVERSION = YES;
				CLANG_WARN_DEPRECATED_OBJC_IMPLEMENTATIONS = YES;
				CLANG_WARN_DIRECT_OBJC_ISA_USAGE = YES_ERROR;
				CLANG_WARN_DOCUMENTATION_COMMENTS = YES;
				CLANG_WARN_EMPTY_BODY = YES;
				CLANG_WARN_ENUM_CONVERSION = YES;
				CLANG_WARN_INFINITE_RECURSION = YES;
				CLANG_WARN_INT_CONVERSION = YES;
				CLANG_WARN_NON_LITERAL_NULL_CONVERSION = YES;
				CLANG_WARN_OBJC_IMPLICIT_RETAIN_SELF = YES;
				CLANG_WARN_OBJC_LITERAL_CONVERSION = YES;
				CLANG_WARN_OBJC_ROOT_CLASS = YES_ERROR;
				CLANG_WARN_QUOTED_INCLUDE_IN_FRAMEWORK_HEADER = YES;
				CLANG_WARN_RANGE_LOOP_ANALYSIS = YES;
				CLANG_WARN_STRICT_PROTOTYPES = YES;
				CLANG_WARN_SUSPICIOUS_MOVE = YES;
				CLANG_WARN_UNGUARDED_AVAILABILITY = YES_AGGRESSIVE;
				CLANG_WARN_UNREACHABLE_CODE = YES;
				CLANG_WARN__DUPLICATE_METHOD_MATCH = YES;
				CODE_SIGN_IDENTITY = "Apple Development";
				COPY_PHASE_STRIP = NO;
				DEBUG_INFORMATION_FORMAT = dwarf;
				DEVELOPMENT_TEAM = TB55BN7CH3;
				ENABLE_STRICT_OBJC_MSGSEND = YES;
				ENABLE_TESTABILITY = YES;
				GCC_C_LANGUAGE_STANDARD = gnu11;
				GCC_DYNAMIC_NO_PIC = NO;
				GCC_NO_COMMON_BLOCKS = YES;
				GCC_OPTIMIZATION_LEVEL = 0;
				GCC_PREPROCESSOR_DEFINITIONS = (
					"DEBUG=1",
					"$(inherited)",
				);
				GCC_WARN_64_TO_32_BIT_CONVERSION = YES;
				GCC_WARN_ABOUT_RETURN_TYPE = YES_ERROR;
				GCC_WARN_UNDECLARED_SELECTOR = YES;
				GCC_WARN_UNINITIALIZED_AUTOS = YES_AGGRESSIVE;
				GCC_WARN_UNUSED_FUNCTION = YES;
				GCC_WARN_UNUSED_VARIABLE = YES;
				IPHONEOS_DEPLOYMENT_TARGET = 15.2;
				MTL_ENABLE_DEBUG_INFO = INCLUDE_SOURCE;
				MTL_FAST_MATH = YES;
				ONLY_ACTIVE_ARCH = YES;
				SDKROOT = iphoneos;
				SWIFT_ACTIVE_COMPILATION_CONDITIONS = DEBUG;
				SWIFT_OPTIMIZATION_LEVEL = "-Onone";
			};
			name = Debug;
		};
		8B830BA927CD973700B49C28 /* Release */ = {
			isa = XCBuildConfiguration;
			buildSettings = {
				ALWAYS_SEARCH_USER_PATHS = NO;
				CLANG_ANALYZER_NONNULL = YES;
				CLANG_ANALYZER_NUMBER_OBJECT_CONVERSION = YES_AGGRESSIVE;
				CLANG_CXX_LANGUAGE_STANDARD = "gnu++17";
				CLANG_CXX_LIBRARY = "libc++";
				CLANG_ENABLE_MODULES = YES;
				CLANG_ENABLE_OBJC_ARC = YES;
				CLANG_ENABLE_OBJC_WEAK = YES;
				CLANG_WARN_BLOCK_CAPTURE_AUTORELEASING = YES;
				CLANG_WARN_BOOL_CONVERSION = YES;
				CLANG_WARN_COMMA = YES;
				CLANG_WARN_CONSTANT_CONVERSION = YES;
				CLANG_WARN_DEPRECATED_OBJC_IMPLEMENTATIONS = YES;
				CLANG_WARN_DIRECT_OBJC_ISA_USAGE = YES_ERROR;
				CLANG_WARN_DOCUMENTATION_COMMENTS = YES;
				CLANG_WARN_EMPTY_BODY = YES;
				CLANG_WARN_ENUM_CONVERSION = YES;
				CLANG_WARN_INFINITE_RECURSION = YES;
				CLANG_WARN_INT_CONVERSION = YES;
				CLANG_WARN_NON_LITERAL_NULL_CONVERSION = YES;
				CLANG_WARN_OBJC_IMPLICIT_RETAIN_SELF = YES;
				CLANG_WARN_OBJC_LITERAL_CONVERSION = YES;
				CLANG_WARN_OBJC_ROOT_CLASS = YES_ERROR;
				CLANG_WARN_QUOTED_INCLUDE_IN_FRAMEWORK_HEADER = YES;
				CLANG_WARN_RANGE_LOOP_ANALYSIS = YES;
				CLANG_WARN_STRICT_PROTOTYPES = YES;
				CLANG_WARN_SUSPICIOUS_MOVE = YES;
				CLANG_WARN_UNGUARDED_AVAILABILITY = YES_AGGRESSIVE;
				CLANG_WARN_UNREACHABLE_CODE = YES;
				CLANG_WARN__DUPLICATE_METHOD_MATCH = YES;
				CODE_SIGN_IDENTITY = "Apple Development";
				COPY_PHASE_STRIP = NO;
				DEBUG_INFORMATION_FORMAT = "dwarf-with-dsym";
				DEVELOPMENT_TEAM = TB55BN7CH3;
				ENABLE_NS_ASSERTIONS = NO;
				ENABLE_STRICT_OBJC_MSGSEND = YES;
				GCC_C_LANGUAGE_STANDARD = gnu11;
				GCC_NO_COMMON_BLOCKS = YES;
				GCC_WARN_64_TO_32_BIT_CONVERSION = YES;
				GCC_WARN_ABOUT_RETURN_TYPE = YES_ERROR;
				GCC_WARN_UNDECLARED_SELECTOR = YES;
				GCC_WARN_UNINITIALIZED_AUTOS = YES_AGGRESSIVE;
				GCC_WARN_UNUSED_FUNCTION = YES;
				GCC_WARN_UNUSED_VARIABLE = YES;
				IPHONEOS_DEPLOYMENT_TARGET = 15.2;
				MTL_ENABLE_DEBUG_INFO = NO;
				MTL_FAST_MATH = YES;
				SDKROOT = iphoneos;
				SWIFT_COMPILATION_MODE = wholemodule;
				SWIFT_OPTIMIZATION_LEVEL = "-O";
				VALIDATE_PRODUCT = YES;
			};
			name = Release;
		};
		8B830BAB27CD973700B49C28 /* Debug */ = {
			isa = XCBuildConfiguration;
			buildSettings = {
				ASSETCATALOG_COMPILER_APPICON_NAME = AppIcon;
				ASSETCATALOG_COMPILER_GLOBAL_ACCENT_COLOR_NAME = AccentColor;
				CODE_SIGN_STYLE = Automatic;
				CURRENT_PROJECT_VERSION = 1;
				DEVELOPMENT_ASSET_PATHS = "\"Breathe/Preview Content\"";
				DEVELOPMENT_TEAM = TB55BN7CH3;
				ENABLE_PREVIEWS = YES;
				GENERATE_INFOPLIST_FILE = YES;
				INFOPLIST_FILE = Breathe/Info.plist;
				INFOPLIST_KEY_UIApplicationSceneManifest_Generation = YES;
				INFOPLIST_KEY_UIApplicationSupportsIndirectInputEvents = YES;
				INFOPLIST_KEY_UILaunchScreen_Generation = YES;
				INFOPLIST_KEY_UISupportedInterfaceOrientations_iPad = "UIInterfaceOrientationPortrait UIInterfaceOrientationPortraitUpsideDown UIInterfaceOrientationLandscapeLeft UIInterfaceOrientationLandscapeRight";
				INFOPLIST_KEY_UISupportedInterfaceOrientations_iPhone = "UIInterfaceOrientationPortrait UIInterfaceOrientationLandscapeLeft UIInterfaceOrientationLandscapeRight";
				LD_RUNPATH_SEARCH_PATHS = (
					"$(inherited)",
					"@executable_path/Frameworks",
				);
				MARKETING_VERSION = 1.0;
				PRODUCT_BUNDLE_IDENTIFIER = com.Judy.Breathe;
				PRODUCT_NAME = "$(TARGET_NAME)";
				SWIFT_EMIT_LOC_STRINGS = YES;
				SWIFT_VERSION = 5.0;
				TARGETED_DEVICE_FAMILY = "1,2";
			};
			name = Debug;
		};
		8B830BAC27CD973700B49C28 /* Release */ = {
			isa = XCBuildConfiguration;
			buildSettings = {
				ASSETCATALOG_COMPILER_APPICON_NAME = AppIcon;
				ASSETCATALOG_COMPILER_GLOBAL_ACCENT_COLOR_NAME = AccentColor;
				CODE_SIGN_STYLE = Automatic;
				CURRENT_PROJECT_VERSION = 1;
				DEVELOPMENT_ASSET_PATHS = "\"Breathe/Preview Content\"";
				DEVELOPMENT_TEAM = TB55BN7CH3;
				ENABLE_PREVIEWS = YES;
				GENERATE_INFOPLIST_FILE = YES;
				INFOPLIST_FILE = Breathe/Info.plist;
				INFOPLIST_KEY_UIApplicationSceneManifest_Generation = YES;
				INFOPLIST_KEY_UIApplicationSupportsIndirectInputEvents = YES;
				INFOPLIST_KEY_UILaunchScreen_Generation = YES;
				INFOPLIST_KEY_UISupportedInterfaceOrientations_iPad = "UIInterfaceOrientationPortrait UIInterfaceOrientationPortraitUpsideDown UIInterfaceOrientationLandscapeLeft UIInterfaceOrientationLandscapeRight";
				INFOPLIST_KEY_UISupportedInterfaceOrientations_iPhone = "UIInterfaceOrientationPortrait UIInterfaceOrientationLandscapeLeft UIInterfaceOrientationLandscapeRight";
				LD_RUNPATH_SEARCH_PATHS = (
					"$(inherited)",
					"@executable_path/Frameworks",
				);
				MARKETING_VERSION = 1.0;
				PRODUCT_BUNDLE_IDENTIFIER = com.Judy.Breathe;
				PRODUCT_NAME = "$(TARGET_NAME)";
				SWIFT_EMIT_LOC_STRINGS = YES;
				SWIFT_VERSION = 5.0;
				TARGETED_DEVICE_FAMILY = "1,2";
			};
			name = Release;
		};
		8B830BAE27CD973700B49C28 /* Debug */ = {
			isa = XCBuildConfiguration;
			buildSettings = {
				ALWAYS_EMBED_SWIFT_STANDARD_LIBRARIES = YES;
				BUNDLE_LOADER = "$(TEST_HOST)";
				CODE_SIGN_STYLE = Automatic;
				CURRENT_PROJECT_VERSION = 1;
				GENERATE_INFOPLIST_FILE = YES;
				IPHONEOS_DEPLOYMENT_TARGET = 15.2;
				MARKETING_VERSION = 1.0;
				PRODUCT_BUNDLE_IDENTIFIER = Judy.BreatheTests;
				PRODUCT_NAME = "$(TARGET_NAME)";
				SWIFT_EMIT_LOC_STRINGS = NO;
				SWIFT_VERSION = 5.0;
				TARGETED_DEVICE_FAMILY = "1,2";
				TEST_HOST = "$(BUILT_PRODUCTS_DIR)/Breathe.app/Breathe";
			};
			name = Debug;
		};
		8B830BAF27CD973700B49C28 /* Release */ = {
			isa = XCBuildConfiguration;
			buildSettings = {
				ALWAYS_EMBED_SWIFT_STANDARD_LIBRARIES = YES;
				BUNDLE_LOADER = "$(TEST_HOST)";
				CODE_SIGN_STYLE = Automatic;
				CURRENT_PROJECT_VERSION = 1;
				GENERATE_INFOPLIST_FILE = YES;
				IPHONEOS_DEPLOYMENT_TARGET = 15.2;
				MARKETING_VERSION = 1.0;
				PRODUCT_BUNDLE_IDENTIFIER = Judy.BreatheTests;
				PRODUCT_NAME = "$(TARGET_NAME)";
				SWIFT_EMIT_LOC_STRINGS = NO;
				SWIFT_VERSION = 5.0;
				TARGETED_DEVICE_FAMILY = "1,2";
				TEST_HOST = "$(BUILT_PRODUCTS_DIR)/Breathe.app/Breathe";
			};
			name = Release;
		};
		8B830BB127CD973700B49C28 /* Debug */ = {
			isa = XCBuildConfiguration;
			buildSettings = {
				ALWAYS_EMBED_SWIFT_STANDARD_LIBRARIES = YES;
				CODE_SIGN_STYLE = Automatic;
				CURRENT_PROJECT_VERSION = 1;
				GENERATE_INFOPLIST_FILE = YES;
				MARKETING_VERSION = 1.0;
				PRODUCT_BUNDLE_IDENTIFIER = Judy.BreatheUITests;
				PRODUCT_NAME = "$(TARGET_NAME)";
				SWIFT_EMIT_LOC_STRINGS = NO;
				SWIFT_VERSION = 5.0;
				TARGETED_DEVICE_FAMILY = "1,2";
				TEST_TARGET_NAME = Breathe;
			};
			name = Debug;
		};
		8B830BB227CD973700B49C28 /* Release */ = {
			isa = XCBuildConfiguration;
			buildSettings = {
				ALWAYS_EMBED_SWIFT_STANDARD_LIBRARIES = YES;
				CODE_SIGN_STYLE = Automatic;
				CURRENT_PROJECT_VERSION = 1;
				GENERATE_INFOPLIST_FILE = YES;
				MARKETING_VERSION = 1.0;
				PRODUCT_BUNDLE_IDENTIFIER = Judy.BreatheUITests;
				PRODUCT_NAME = "$(TARGET_NAME)";
				SWIFT_EMIT_LOC_STRINGS = NO;
				SWIFT_VERSION = 5.0;
				TARGETED_DEVICE_FAMILY = "1,2";
				TEST_TARGET_NAME = Breathe;
			};
			name = Release;
		};
/* End XCBuildConfiguration section */

/* Begin XCConfigurationList section */
		8B830B8127CD973500B49C28 /* Build configuration list for PBXProject "Breathe" */ = {
			isa = XCConfigurationList;
			buildConfigurations = (
				8B830BA827CD973700B49C28 /* Debug */,
				8B830BA927CD973700B49C28 /* Release */,
			);
			defaultConfigurationIsVisible = 0;
			defaultConfigurationName = Release;
		};
		8B830BAA27CD973700B49C28 /* Build configuration list for PBXNativeTarget "Breathe" */ = {
			isa = XCConfigurationList;
			buildConfigurations = (
				8B830BAB27CD973700B49C28 /* Debug */,
				8B830BAC27CD973700B49C28 /* Release */,
			);
			defaultConfigurationIsVisible = 0;
			defaultConfigurationName = Release;
		};
		8B830BAD27CD973700B49C28 /* Build configuration list for PBXNativeTarget "BreatheTests" */ = {
			isa = XCConfigurationList;
			buildConfigurations = (
				8B830BAE27CD973700B49C28 /* Debug */,
				8B830BAF27CD973700B49C28 /* Release */,
			);
			defaultConfigurationIsVisible = 0;
			defaultConfigurationName = Release;
		};
		8B830BB027CD973700B49C28 /* Build configuration list for PBXNativeTarget "BreatheUITests" */ = {
			isa = XCConfigurationList;
			buildConfigurations = (
				8B830BB127CD973700B49C28 /* Debug */,
				8B830BB227CD973700B49C28 /* Release */,
			);
			defaultConfigurationIsVisible = 0;
			defaultConfigurationName = Release;
		};
/* End XCConfigurationList section */
	};
	rootObject = 8B830B7E27CD973500B49C28 /* Project object */;
}
